PODS:
  - CryptoSwift (1.5.1)
  - Keys (1.0.1)

DEPENDENCIES:
  - CryptoSwift (~> 1.5.1)
  - Keys (from `Pods/CocoaPodsKeys`)

SPEC REPOS:
  trunk:
    - CryptoSwift

EXTERNAL SOURCES:
  Keys:
    :path: Pods/CocoaPodsKeys

SPEC CHECKSUMS:
  CryptoSwift: c4f2debceb38bf44c80659afe009f71e23e4a082
  Keys: a576f4c9c1c641ca913a959a9c62ed3f215a8de9

PODFILE CHECKSUM: 5bbe777f797943fb6c1e540d50c563aad73d3022

COCOAPODS: 1.11.3
