// !$*UTF8*$!
{
	archiveVersion = 1;
	classes = {
	};
	objectVersion = 55;
	objects = {

/* Begin PBXBuildFile section */
		093F74DA5CEB79C1E6FA6E2B /* Pods_BundleFileEncryption.framework in Frameworks */ = {isa = PBXBuildFile; fileRef = 72B57A43899057526AD3C62C /* Pods_BundleFileEncryption.framework */; };
		4B33FC6D287C7E8F00D0EBAA /* BundleFileEncryptionApp.swift in Sources */ = {isa = PBXBuildFile; fileRef = 4B33FC6C287C7E8F00D0EBAA /* BundleFileEncryptionApp.swift */; };
		4B33FC6F287C7E8F00D0EBAA /* ContentView.swift in Sources */ = {isa = PBXBuildFile; fileRef = 4B33FC6E287C7E8F00D0EBAA /* ContentView.swift */; };
		4B33FC71287C7E9100D0EBAA /* Assets.xcassets in Resources */ = {isa = PBXBuildFile; fileRef = 4B33FC70287C7E9100D0EBAA /* Assets.xcassets */; };
		4B33FC74287C7E9100D0EBAA /* Preview Assets.xcassets in Resources */ = {isa = PBXBuildFile; fileRef = 4B33FC73287C7E9100D0EBAA /* Preview Assets.xcassets */; };
		4B33FC7E287C7E9100D0EBAA /* BundleFileEncryptionTests.swift in Sources */ = {isa = PBXBuildFile; fileRef = 4B33FC7D287C7E9100D0EBAA /* BundleFileEncryptionTests.swift */; };
		4B33FC88287C7E9100D0EBAA /* BundleFileEncryptionUITests.swift in Sources */ = {isa = PBXBuildFile; fileRef = 4B33FC87287C7E9100D0EBAA /* BundleFileEncryptionUITests.swift */; };
		4B33FC8A287C7E9100D0EBAA /* BundleFileEncryptionUITestsLaunchTests.swift in Sources */ = {isa = PBXBuildFile; fileRef = 4B33FC89287C7E9100D0EBAA /* BundleFileEncryptionUITestsLaunchTests.swift */; };
		4B33FC9B287C849A00D0EBAA /* AppCryptor.swift in Sources */ = {isa = PBXBuildFile; fileRef = 4B33FC9A287C849A00D0EBAA /* AppCryptor.swift */; };
		4B33FC9E287C872200D0EBAA /* MyFileModel.swift in Sources */ = {isa = PBXBuildFile; fileRef = 4B33FC9D287C872200D0EBAA /* MyFileModel.swift */; };
		4B33FCA3287C94D300D0EBAA /* Gemfile in Resources */ = {isa = PBXBuildFile; fileRef = 4B33FCA2287C94D300D0EBAA /* Gemfile */; };
		4B33FCA5287C95AB00D0EBAA /* Podfile in Resources */ = {isa = PBXBuildFile; fileRef = 4B33FCA4287C95AB00D0EBAA /* Podfile */; };
		4B33FCA8287D6B3100D0EBAA /* EncryptedPlistDecoder.swift in Sources */ = {isa = PBXBuildFile; fileRef = 4B33FCA7287D6B3100D0EBAA /* EncryptedPlistDecoder.swift */; };
		4B33FCAA287D6D2C00D0EBAA /* SecretsProvider.swift in Sources */ = {isa = PBXBuildFile; fileRef = 4B33FCA9287D6D2C00D0EBAA /* SecretsProvider.swift */; };
		4B33FCAC287D6F1E00D0EBAA /* .gitignore in Resources */ = {isa = PBXBuildFile; fileRef = 4B33FCAB287D6F1E00D0EBAA /* .gitignore */; };
		4B33FCAE287D708600D0EBAA /* .env.sample in Resources */ = {isa = PBXBuildFile; fileRef = 4B33FCAD287D708600D0EBAA /* .env.sample */; };
		4B33FCB0287D708C00D0EBAA /* .env in Resources */ = {isa = PBXBuildFile; fileRef = 4B33FCAF287D708C00D0EBAA /* .env */; };
/* End PBXBuildFile section */

/* Begin PBXContainerItemProxy section */
		4B33FC7A287C7E9100D0EBAA /* PBXContainerItemProxy */ = {
			isa = PBXContainerItemProxy;
			containerPortal = 4B33FC61287C7E8F00D0EBAA /* Project object */;
			proxyType = 1;
			remoteGlobalIDString = 4B33FC68287C7E8F00D0EBAA;
			remoteInfo = BundleFileEncryption;
		};
		4B33FC84287C7E9100D0EBAA /* PBXContainerItemProxy */ = {
			isa = PBXContainerItemProxy;
			containerPortal = 4B33FC61287C7E8F00D0EBAA /* Project object */;
			proxyType = 1;
			remoteGlobalIDString = 4B33FC68287C7E8F00D0EBAA;
			remoteInfo = BundleFileEncryption;
		};
/* End PBXContainerItemProxy section */

/* Begin PBXFileReference section */
		4B33FC69287C7E8F00D0EBAA /* BundleFileEncryption.app */ = {isa = PBXFileReference; explicitFileType = wrapper.application; includeInIndex = 0; path = BundleFileEncryption.app; sourceTree = BUILT_PRODUCTS_DIR; };
		4B33FC6C287C7E8F00D0EBAA /* BundleFileEncryptionApp.swift */ = {isa = PBXFileReference; lastKnownFileType = sourcecode.swift; path = BundleFileEncryptionApp.swift; sourceTree = "<group>"; };
		4B33FC6E287C7E8F00D0EBAA /* ContentView.swift */ = {isa = PBXFileReference; lastKnownFileType = sourcecode.swift; path = ContentView.swift; sourceTree = "<group>"; };
		4B33FC70287C7E9100D0EBAA /* Assets.xcassets */ = {isa = PBXFileReference; lastKnownFileType = folder.assetcatalog; path = Assets.xcassets; sourceTree = "<group>"; };
		4B33FC73287C7E9100D0EBAA /* Preview Assets.xcassets */ = {isa = PBXFileReference; lastKnownFileType = folder.assetcatalog; path = "Preview Assets.xcassets"; sourceTree = "<group>"; };
		4B33FC79287C7E9100D0EBAA /* BundleFileEncryptionTests.xctest */ = {isa = PBXFileReference; explicitFileType = wrapper.cfbundle; includeInIndex = 0; path = BundleFileEncryptionTests.xctest; sourceTree = BUILT_PRODUCTS_DIR; };
		4B33FC7D287C7E9100D0EBAA /* BundleFileEncryptionTests.swift */ = {isa = PBXFileReference; lastKnownFileType = sourcecode.swift; path = BundleFileEncryptionTests.swift; sourceTree = "<group>"; };
		4B33FC83287C7E9100D0EBAA /* BundleFileEncryptionUITests.xctest */ = {isa = PBXFileReference; explicitFileType = wrapper.cfbundle; includeInIndex = 0; path = BundleFileEncryptionUITests.xctest; sourceTree = BUILT_PRODUCTS_DIR; };
		4B33FC87287C7E9100D0EBAA /* BundleFileEncryptionUITests.swift */ = {isa = PBXFileReference; lastKnownFileType = sourcecode.swift; path = BundleFileEncryptionUITests.swift; sourceTree = "<group>"; };
		4B33FC89287C7E9100D0EBAA /* BundleFileEncryptionUITestsLaunchTests.swift */ = {isa = PBXFileReference; lastKnownFileType = sourcecode.swift; path = BundleFileEncryptionUITestsLaunchTests.swift; sourceTree = "<group>"; };
		4B33FC96287C7EBB00D0EBAA /* README.md */ = {isa = PBXFileReference; lastKnownFileType = net.daringfireball.markdown; path = README.md; sourceTree = SOURCE_ROOT; };
		4B33FC98287C7F4E00D0EBAA /* MyFile.plist */ = {isa = PBXFileReference; lastKnownFileType = text.plist.xml; path = MyFile.plist; sourceTree = "<group>"; };
		4B33FC9A287C849A00D0EBAA /* AppCryptor.swift */ = {isa = PBXFileReference; lastKnownFileType = sourcecode.swift; path = AppCryptor.swift; sourceTree = "<group>"; };
		4B33FC9D287C872200D0EBAA /* MyFileModel.swift */ = {isa = PBXFileReference; lastKnownFileType = sourcecode.swift; path = MyFileModel.swift; sourceTree = "<group>"; };
		4B33FCA2287C94D300D0EBAA /* Gemfile */ = {isa = PBXFileReference; lastKnownFileType = text; path = Gemfile; sourceTree = SOURCE_ROOT; };
		4B33FCA4287C95AB00D0EBAA /* Podfile */ = {isa = PBXFileReference; fileEncoding = 4; lastKnownFileType = text; path = Podfile; sourceTree = SOURCE_ROOT; xcLanguageSpecificationIdentifier = xcode.lang.ruby; };
		4B33FCA6287D4D2B00D0EBAA /* BundleFileEncryptionLab.playground */ = {isa = PBXFileReference; lastKnownFileType = file.playground; path = BundleFileEncryptionLab.playground; sourceTree = "<group>"; xcLanguageSpecificationIdentifier = xcode.lang.swift; };
		4B33FCA7287D6B3100D0EBAA /* EncryptedPlistDecoder.swift */ = {isa = PBXFileReference; lastKnownFileType = sourcecode.swift; path = EncryptedPlistDecoder.swift; sourceTree = "<group>"; };
		4B33FCA9287D6D2C00D0EBAA /* SecretsProvider.swift */ = {isa = PBXFileReference; lastKnownFileType = sourcecode.swift; path = SecretsProvider.swift; sourceTree = "<group>"; };
		4B33FCAB287D6F1E00D0EBAA /* .gitignore */ = {isa = PBXFileReference; lastKnownFileType = text; path = .gitignore; sourceTree = "<group>"; };
		4B33FCAD287D708600D0EBAA /* .env.sample */ = {isa = PBXFileReference; lastKnownFileType = text; path = .env.sample; sourceTree = "<group>"; };
		4B33FCAF287D708C00D0EBAA /* .env */ = {isa = PBXFileReference; lastKnownFileType = text; path = .env; sourceTree = "<group>"; };
		72B57A43899057526AD3C62C /* Pods_BundleFileEncryption.framework */ = {isa = PBXFileReference; explicitFileType = wrapper.framework; includeInIndex = 0; path = Pods_BundleFileEncryption.framework; sourceTree = BUILT_PRODUCTS_DIR; };
		D76FD07FF7CFF26D6E3608FF /* Pods-BundleFileEncryption.release.xcconfig */ = {isa = PBXFileReference; includeInIndex = 1; lastKnownFileType = text.xcconfig; name = "Pods-BundleFileEncryption.release.xcconfig"; path = "Target Support Files/Pods-BundleFileEncryption/Pods-BundleFileEncryption.release.xcconfig"; sourceTree = "<group>"; };
		FD2BD62F325352F277C3124F /* Pods-BundleFileEncryption.debug.xcconfig */ = {isa = PBXFileReference; includeInIndex = 1; lastKnownFileType = text.xcconfig; name = "Pods-BundleFileEncryption.debug.xcconfig"; path = "Target Support Files/Pods-BundleFileEncryption/Pods-BundleFileEncryption.debug.xcconfig"; sourceTree = "<group>"; };
/* End PBXFileReference section */

/* Begin PBXFrameworksBuildPhase section */
		4B33FC66287C7E8F00D0EBAA /* Frameworks */ = {
			isa = PBXFrameworksBuildPhase;
			buildActionMask = 2147483647;
			files = (
				093F74DA5CEB79C1E6FA6E2B /* Pods_BundleFileEncryption.framework in Frameworks */,
			);
			runOnlyForDeploymentPostprocessing = 0;
		};
		4B33FC76287C7E9100D0EBAA /* Frameworks */ = {
			isa = PBXFrameworksBuildPhase;
			buildActionMask = 2147483647;
			files = (
			);
			runOnlyForDeploymentPostprocessing = 0;
		};
		4B33FC80287C7E9100D0EBAA /* Frameworks */ = {
			isa = PBXFrameworksBuildPhase;
			buildActionMask = 2147483647;
			files = (
			);
			runOnlyForDeploymentPostprocessing = 0;
		};
/* End PBXFrameworksBuildPhase section */

/* Begin PBXGroup section */
		0712D5034CE32F727CFC14CE /* Frameworks */ = {
			isa = PBXGroup;
			children = (
				72B57A43899057526AD3C62C /* Pods_BundleFileEncryption.framework */,
			);
			name = Frameworks;
			sourceTree = "<group>";
		};
		4B33FC60287C7E8F00D0EBAA = {
			isa = PBXGroup;
			children = (
				4B33FC6B287C7E8F00D0EBAA /* BundleFileEncryption */,
				4B33FC7C287C7E9100D0EBAA /* BundleFileEncryptionTests */,
				4B33FC86287C7E9100D0EBAA /* BundleFileEncryptionUITests */,
				4B33FC96287C7EBB00D0EBAA /* README.md */,
				4B33FCA2287C94D300D0EBAA /* Gemfile */,
				4B33FCA4287C95AB00D0EBAA /* Podfile */,
				4B33FCAB287D6F1E00D0EBAA /* .gitignore */,
				4B33FCAD287D708600D0EBAA /* .env.sample */,
				4B33FCAF287D708C00D0EBAA /* .env */,
				4B33FC6A287C7E8F00D0EBAA /* Products */,
				E3292285B8A10DB3DCDE6745 /* Pods */,
				0712D5034CE32F727CFC14CE /* Frameworks */,
			);
			sourceTree = "<group>";
		};
		4B33FC6A287C7E8F00D0EBAA /* Products */ = {
			isa = PBXGroup;
			children = (
				4B33FC69287C7E8F00D0EBAA /* BundleFileEncryption.app */,
				4B33FC79287C7E9100D0EBAA /* BundleFileEncryptionTests.xctest */,
				4B33FC83287C7E9100D0EBAA /* BundleFileEncryptionUITests.xctest */,
			);
			name = Products;
			sourceTree = "<group>";
		};
		4B33FC6B287C7E8F00D0EBAA /* BundleFileEncryption */ = {
			isa = PBXGroup;
			children = (
				4B33FC9C287C870F00D0EBAA /* Models */,
				4B33FC99287C848A00D0EBAA /* Crypter */,
				4B33FCB1287D73FB00D0EBAA /* Plist */,
				4B33FC97287C7F3A00D0EBAA /* Resources */,
				4B33FC6C287C7E8F00D0EBAA /* BundleFileEncryptionApp.swift */,
				4B33FC6E287C7E8F00D0EBAA /* ContentView.swift */,
				4B33FC70287C7E9100D0EBAA /* Assets.xcassets */,
				4B33FCA6287D4D2B00D0EBAA /* BundleFileEncryptionLab.playground */,
				4B33FC72287C7E9100D0EBAA /* Preview Content */,
			);
			path = BundleFileEncryption;
			sourceTree = "<group>";
		};
		4B33FC72287C7E9100D0EBAA /* Preview Content */ = {
			isa = PBXGroup;
			children = (
				4B33FC73287C7E9100D0EBAA /* Preview Assets.xcassets */,
			);
			path = "Preview Content";
			sourceTree = "<group>";
		};
		4B33FC7C287C7E9100D0EBAA /* BundleFileEncryptionTests */ = {
			isa = PBXGroup;
			children = (
				4B33FC7D287C7E9100D0EBAA /* BundleFileEncryptionTests.swift */,
			);
			path = BundleFileEncryptionTests;
			sourceTree = "<group>";
		};
		4B33FC86287C7E9100D0EBAA /* BundleFileEncryptionUITests */ = {
			isa = PBXGroup;
			children = (
				4B33FC87287C7E9100D0EBAA /* BundleFileEncryptionUITests.swift */,
				4B33FC89287C7E9100D0EBAA /* BundleFileEncryptionUITestsLaunchTests.swift */,
			);
			path = BundleFileEncryptionUITests;
			sourceTree = "<group>";
		};
		4B33FC97287C7F3A00D0EBAA /* Resources */ = {
			isa = PBXGroup;
			children = (
				4B33FCA9287D6D2C00D0EBAA /* SecretsProvider.swift */,
				4B33FC98287C7F4E00D0EBAA /* MyFile.plist */,
			);
			path = Resources;
			sourceTree = "<group>";
		};
		4B33FC99287C848A00D0EBAA /* Crypter */ = {
			isa = PBXGroup;
			children = (
				4B33FC9A287C849A00D0EBAA /* AppCryptor.swift */,
			);
			path = Crypter;
			sourceTree = "<group>";
		};
		4B33FC9C287C870F00D0EBAA /* Models */ = {
			isa = PBXGroup;
			children = (
				4B33FC9D287C872200D0EBAA /* MyFileModel.swift */,
			);
			path = Models;
			sourceTree = "<group>";
		};
		4B33FCB1287D73FB00D0EBAA /* Plist */ = {
			isa = PBXGroup;
			children = (
				4B33FCA7287D6B3100D0EBAA /* EncryptedPlistDecoder.swift */,
			);
			path = Plist;
			sourceTree = "<group>";
		};
		E3292285B8A10DB3DCDE6745 /* Pods */ = {
			isa = PBXGroup;
			children = (
				FD2BD62F325352F277C3124F /* Pods-BundleFileEncryption.debug.xcconfig */,
				D76FD07FF7CFF26D6E3608FF /* Pods-BundleFileEncryption.release.xcconfig */,
			);
			path = Pods;
			sourceTree = "<group>";
		};
/* End PBXGroup section */

/* Begin PBXNativeTarget section */
		4B33FC68287C7E8F00D0EBAA /* BundleFileEncryption */ = {
			isa = PBXNativeTarget;
			buildConfigurationList = 4B33FC8D287C7E9100D0EBAA /* Build configuration list for PBXNativeTarget "BundleFileEncryption" */;
			buildPhases = (
				F0A3172CE18C1B613F450F2B /* [CP] Check Pods Manifest.lock */,
				4B33FC65287C7E8F00D0EBAA /* Sources */,
				4B33FC66287C7E8F00D0EBAA /* Frameworks */,
				4B33FC67287C7E8F00D0EBAA /* Resources */,
				4B33FCA1287C8C8000D0EBAA /* Encrypt MyFile */,
				AB2584B47073255CC5B6CC85 /* [CP] Embed Pods Frameworks */,
			);
			buildRules = (
			);
			dependencies = (
			);
			name = BundleFileEncryption;
			productName = BundleFileEncryption;
			productReference = 4B33FC69287C7E8F00D0EBAA /* BundleFileEncryption.app */;
			productType = "com.apple.product-type.application";
		};
		4B33FC78287C7E9100D0EBAA /* BundleFileEncryptionTests */ = {
			isa = PBXNativeTarget;
			buildConfigurationList = 4B33FC90287C7E9100D0EBAA /* Build configuration list for PBXNativeTarget "BundleFileEncryptionTests" */;
			buildPhases = (
				4B33FC75287C7E9100D0EBAA /* Sources */,
				4B33FC76287C7E9100D0EBAA /* Frameworks */,
				4B33FC77287C7E9100D0EBAA /* Resources */,
			);
			buildRules = (
			);
			dependencies = (
				4B33FC7B287C7E9100D0EBAA /* PBXTargetDependency */,
			);
			name = BundleFileEncryptionTests;
			productName = BundleFileEncryptionTests;
			productReference = 4B33FC79287C7E9100D0EBAA /* BundleFileEncryptionTests.xctest */;
			productType = "com.apple.product-type.bundle.unit-test";
		};
		4B33FC82287C7E9100D0EBAA /* BundleFileEncryptionUITests */ = {
			isa = PBXNativeTarget;
			buildConfigurationList = 4B33FC93287C7E9100D0EBAA /* Build configuration list for PBXNativeTarget "BundleFileEncryptionUITests" */;
			buildPhases = (
				4B33FC7F287C7E9100D0EBAA /* Sources */,
				4B33FC80287C7E9100D0EBAA /* Frameworks */,
				4B33FC81287C7E9100D0EBAA /* Resources */,
			);
			buildRules = (
			);
			dependencies = (
				4B33FC85287C7E9100D0EBAA /* PBXTargetDependency */,
			);
			name = BundleFileEncryptionUITests;
			productName = BundleFileEncryptionUITests;
			productReference = 4B33FC83287C7E9100D0EBAA /* BundleFileEncryptionUITests.xctest */;
			productType = "com.apple.product-type.bundle.ui-testing";
		};
/* End PBXNativeTarget section */

/* Begin PBXProject section */
		4B33FC61287C7E8F00D0EBAA /* Project object */ = {
			isa = PBXProject;
			attributes = {
				BuildIndependentTargetsInParallel = 1;
				LastSwiftUpdateCheck = 1340;
				LastUpgradeCheck = 1340;
				TargetAttributes = {
					4B33FC68287C7E8F00D0EBAA = {
						CreatedOnToolsVersion = 13.4;
					};
					4B33FC78287C7E9100D0EBAA = {
						CreatedOnToolsVersion = 13.4;
						TestTargetID = 4B33FC68287C7E8F00D0EBAA;
					};
					4B33FC82287C7E9100D0EBAA = {
						CreatedOnToolsVersion = 13.4;
						TestTargetID = 4B33FC68287C7E8F00D0EBAA;
					};
				};
			};
			buildConfigurationList = 4B33FC64287C7E8F00D0EBAA /* Build configuration list for PBXProject "BundleFileEncryption" */;
			compatibilityVersion = "Xcode 13.0";
			developmentRegion = en;
			hasScannedForEncodings = 0;
			knownRegions = (
				en,
				Base,
			);
			mainGroup = 4B33FC60287C7E8F00D0EBAA;
			productRefGroup = 4B33FC6A287C7E8F00D0EBAA /* Products */;
			projectDirPath = "";
			projectRoot = "";
			targets = (
				4B33FC68287C7E8F00D0EBAA /* BundleFileEncryption */,
				4B33FC78287C7E9100D0EBAA /* BundleFileEncryptionTests */,
				4B33FC82287C7E9100D0EBAA /* BundleFileEncryptionUITests */,
			);
		};
/* End PBXProject section */

/* Begin PBXResourcesBuildPhase section */
		4B33FC67287C7E8F00D0EBAA /* Resources */ = {
			isa = PBXResourcesBuildPhase;
			buildActionMask = 2147483647;
			files = (
				4B33FCAC287D6F1E00D0EBAA /* .gitignore in Resources */,
				4B33FCA3287C94D300D0EBAA /* Gemfile in Resources */,
				4B33FCB0287D708C00D0EBAA /* .env in Resources */,
				4B33FC74287C7E9100D0EBAA /* Preview Assets.xcassets in Resources */,
				4B33FCA5287C95AB00D0EBAA /* Podfile in Resources */,
				4B33FCAE287D708600D0EBAA /* .env.sample in Resources */,
				4B33FC71287C7E9100D0EBAA /* Assets.xcassets in Resources */,
			);
			runOnlyForDeploymentPostprocessing = 0;
		};
		4B33FC77287C7E9100D0EBAA /* Resources */ = {
			isa = PBXResourcesBuildPhase;
			buildActionMask = 2147483647;
			files = (
			);
			runOnlyForDeploymentPostprocessing = 0;
		};
		4B33FC81287C7E9100D0EBAA /* Resources */ = {
			isa = PBXResourcesBuildPhase;
			buildActionMask = 2147483647;
			files = (
			);
			runOnlyForDeploymentPostprocessing = 0;
		};
/* End PBXResourcesBuildPhase section */

/* Begin PBXShellScriptBuildPhase section */
		4B33FCA1287C8C8000D0EBAA /* Encrypt MyFile */ = {
			isa = PBXShellScriptBuildPhase;
			buildActionMask = 2147483647;
			files = (
			);
			inputFileListPaths = (
			);
			inputPaths = (
			);
			name = "Encrypt MyFile";
			outputFileListPaths = (
			);
			outputPaths = (
			);
			runOnlyForDeploymentPostprocessing = 0;
			shellPath = /bin/sh;
			shellScript = "ENV_FILE='.env'\nexport $(grep -v '^#' $ENV_FILE | xargs)\n\nkey=$AppCryptor_key\niv=$MyFile_iv\n\necho key\necho $key\necho iv\necho $iv\n\nopenssl enc -e -aes-256-cbc -K $key -iv $iv -in $PROJECT_DIR/BundleFileEncryption/Resources/MyFile.plist -out $TARGET_BUILD_DIR/$UNLOCALIZED_RESOURCES_FOLDER_PATH/MyFile.encplist\n";
		};
		AB2584B47073255CC5B6CC85 /* [CP] Embed Pods Frameworks */ = {
			isa = PBXShellScriptBuildPhase;
			buildActionMask = 2147483647;
			files = (
			);
			inputFileListPaths = (
				"${PODS_ROOT}/Target Support Files/Pods-BundleFileEncryption/Pods-BundleFileEncryption-frameworks-${CONFIGURATION}-input-files.xcfilelist",
			);
			name = "[CP] Embed Pods Frameworks";
			outputFileListPaths = (
				"${PODS_ROOT}/Target Support Files/Pods-BundleFileEncryption/Pods-BundleFileEncryption-frameworks-${CONFIGURATION}-output-files.xcfilelist",
			);
			runOnlyForDeploymentPostprocessing = 0;
			shellPath = /bin/sh;
			shellScript = "\"${PODS_ROOT}/Target Support Files/Pods-BundleFileEncryption/Pods-BundleFileEncryption-frameworks.sh\"\n";
			showEnvVarsInLog = 0;
		};
		F0A3172CE18C1B613F450F2B /* [CP] Check Pods Manifest.lock */ = {
			isa = PBXShellScriptBuildPhase;
			buildActionMask = 2147483647;
			files = (
			);
			inputFileListPaths = (
			);
			inputPaths = (
				"${PODS_PODFILE_DIR_PATH}/Podfile.lock",
				"${PODS_ROOT}/Manifest.lock",
			);
			name = "[CP] Check Pods Manifest.lock";
			outputFileListPaths = (
			);
			outputPaths = (
				"$(DERIVED_FILE_DIR)/Pods-BundleFileEncryption-checkManifestLockResult.txt",
			);
			runOnlyForDeploymentPostprocessing = 0;
			shellPath = /bin/sh;
			shellScript = "diff \"${PODS_PODFILE_DIR_PATH}/Podfile.lock\" \"${PODS_ROOT}/Manifest.lock\" > /dev/null\nif [ $? != 0 ] ; then\n    # print error to STDERR\n    echo \"error: The sandbox is not in sync with the Podfile.lock. Run 'pod install' or update your CocoaPods installation.\" >&2\n    exit 1\nfi\n# This output is used by Xcode 'outputs' to avoid re-running this script phase.\necho \"SUCCESS\" > \"${SCRIPT_OUTPUT_FILE_0}\"\n";
			showEnvVarsInLog = 0;
		};
/* End PBXShellScriptBuildPhase section */

/* Begin PBXSourcesBuildPhase section */
		4B33FC65287C7E8F00D0EBAA /* Sources */ = {
			isa = PBXSourcesBuildPhase;
			buildActionMask = 2147483647;
			files = (
				4B33FCAA287D6D2C00D0EBAA /* SecretsProvider.swift in Sources */,
				4B33FC6F287C7E8F00D0EBAA /* ContentView.swift in Sources */,
				4B33FC9B287C849A00D0EBAA /* AppCryptor.swift in Sources */,
				4B33FC6D287C7E8F00D0EBAA /* BundleFileEncryptionApp.swift in Sources */,
				4B33FCA8287D6B3100D0EBAA /* EncryptedPlistDecoder.swift in Sources */,
				4B33FC9E287C872200D0EBAA /* MyFileModel.swift in Sources */,
			);
			runOnlyForDeploymentPostprocessing = 0;
		};
		4B33FC75287C7E9100D0EBAA /* Sources */ = {
			isa = PBXSourcesBuildPhase;
			buildActionMask = 2147483647;
			files = (
				4B33FC7E287C7E9100D0EBAA /* BundleFileEncryptionTests.swift in Sources */,
			);
			runOnlyForDeploymentPostprocessing = 0;
		};
		4B33FC7F287C7E9100D0EBAA /* Sources */ = {
			isa = PBXSourcesBuildPhase;
			buildActionMask = 2147483647;
			files = (
				4B33FC88287C7E9100D0EBAA /* BundleFileEncryptionUITests.swift in Sources */,
				4B33FC8A287C7E9100D0EBAA /* BundleFileEncryptionUITestsLaunchTests.swift in Sources */,
			);
			runOnlyForDeploymentPostprocessing = 0;
		};
/* End PBXSourcesBuildPhase section */

/* Begin PBXTargetDependency section */
		4B33FC7B287C7E9100D0EBAA /* PBXTargetDependency */ = {
			isa = PBXTargetDependency;
			target = 4B33FC68287C7E8F00D0EBAA /* BundleFileEncryption */;
			targetProxy = 4B33FC7A287C7E9100D0EBAA /* PBXContainerItemProxy */;
		};
		4B33FC85287C7E9100D0EBAA /* PBXTargetDependency */ = {
			isa = PBXTargetDependency;
			target = 4B33FC68287C7E8F00D0EBAA /* BundleFileEncryption */;
			targetProxy = 4B33FC84287C7E9100D0EBAA /* PBXContainerItemProxy */;
		};
/* End PBXTargetDependency section */

/* Begin XCBuildConfiguration section */
		4B33FC8B287C7E9100D0EBAA /* Debug */ = {
			isa = XCBuildConfiguration;
			buildSettings = {
				ALWAYS_SEARCH_USER_PATHS = NO;
				CLANG_ANALYZER_NONNULL = YES;
				CLANG_ANALYZER_NUMBER_OBJECT_CONVERSION = YES_AGGRESSIVE;
				CLANG_CXX_LANGUAGE_STANDARD = "gnu++17";
				CLANG_ENABLE_MODULES = YES;
				CLANG_ENABLE_OBJC_ARC = YES;
				CLANG_ENABLE_OBJC_WEAK = YES;
				CLANG_WARN_BLOCK_CAPTURE_AUTORELEASING = YES;
				CLANG_WARN_BOOL_CONVERSION = YES;
				CLANG_WARN_COMMA = YES;
				CLANG_WARN_CONSTANT_CONVERSION = YES;
				CLANG_WARN_DEPRECATED_OBJC_IMPLEMENTATIONS = YES;
				CLANG_WARN_DIRECT_OBJC_ISA_USAGE = YES_ERROR;
				CLANG_WARN_DOCUMENTATION_COMMENTS = YES;
				CLANG_WARN_EMPTY_BODY = YES;
				CLANG_WARN_ENUM_CONVERSION = YES;
				CLANG_WARN_INFINITE_RECURSION = YES;
				CLANG_WARN_INT_CONVERSION = YES;
				CLANG_WARN_NON_LITERAL_NULL_CONVERSION = YES;
				CLANG_WARN_OBJC_IMPLICIT_RETAIN_SELF = YES;
				CLANG_WARN_OBJC_LITERAL_CONVERSION = YES;
				CLANG_WARN_OBJC_ROOT_CLASS = YES_ERROR;
				CLANG_WARN_QUOTED_INCLUDE_IN_FRAMEWORK_HEADER = YES;
				CLANG_WARN_RANGE_LOOP_ANALYSIS = YES;
				CLANG_WARN_STRICT_PROTOTYPES = YES;
				CLANG_WARN_SUSPICIOUS_MOVE = YES;
				CLANG_WARN_UNGUARDED_AVAILABILITY = YES_AGGRESSIVE;
				CLANG_WARN_UNREACHABLE_CODE = YES;
				CLANG_WARN__DUPLICATE_METHOD_MATCH = YES;
				COPY_PHASE_STRIP = NO;
				DEBUG_INFORMATION_FORMAT = dwarf;
				ENABLE_STRICT_OBJC_MSGSEND = YES;
				ENABLE_TESTABILITY = YES;
				GCC_C_LANGUAGE_STANDARD = gnu11;
				GCC_DYNAMIC_NO_PIC = NO;
				GCC_NO_COMMON_BLOCKS = YES;
				GCC_OPTIMIZATION_LEVEL = 0;
				GCC_PREPROCESSOR_DEFINITIONS = (
					"DEBUG=1",
					"$(inherited)",
				);
				GCC_WARN_64_TO_32_BIT_CONVERSION = YES;
				GCC_WARN_ABOUT_RETURN_TYPE = YES_ERROR;
				GCC_WARN_UNDECLARED_SELECTOR = YES;
				GCC_WARN_UNINITIALIZED_AUTOS = YES_AGGRESSIVE;
				GCC_WARN_UNUSED_FUNCTION = YES;
				GCC_WARN_UNUSED_VARIABLE = YES;
				IPHONEOS_DEPLOYMENT_TARGET = 15.5;
				MTL_ENABLE_DEBUG_INFO = INCLUDE_SOURCE;
				MTL_FAST_MATH = YES;
				ONLY_ACTIVE_ARCH = YES;
				SDKROOT = iphoneos;
				SWIFT_ACTIVE_COMPILATION_CONDITIONS = DEBUG;
				SWIFT_OPTIMIZATION_LEVEL = "-Onone";
			};
			name = Debug;
		};
		4B33FC8C287C7E9100D0EBAA /* Release */ = {
			isa = XCBuildConfiguration;
			buildSettings = {
				ALWAYS_SEARCH_USER_PATHS = NO;
				CLANG_ANALYZER_NONNULL = YES;
				CLANG_ANALYZER_NUMBER_OBJECT_CONVERSION = YES_AGGRESSIVE;
				CLANG_CXX_LANGUAGE_STANDARD = "gnu++17";
				CLANG_ENABLE_MODULES = YES;
				CLANG_ENABLE_OBJC_ARC = YES;
				CLANG_ENABLE_OBJC_WEAK = YES;
				CLANG_WARN_BLOCK_CAPTURE_AUTORELEASING = YES;
				CLANG_WARN_BOOL_CONVERSION = YES;
				CLANG_WARN_COMMA = YES;
				CLANG_WARN_CONSTANT_CONVERSION = YES;
				CLANG_WARN_DEPRECATED_OBJC_IMPLEMENTATIONS = YES;
				CLANG_WARN_DIRECT_OBJC_ISA_USAGE = YES_ERROR;
				CLANG_WARN_DOCUMENTATION_COMMENTS = YES;
				CLANG_WARN_EMPTY_BODY = YES;
				CLANG_WARN_ENUM_CONVERSION = YES;
				CLANG_WARN_INFINITE_RECURSION = YES;
				CLANG_WARN_INT_CONVERSION = YES;
				CLANG_WARN_NON_LITERAL_NULL_CONVERSION = YES;
				CLANG_WARN_OBJC_IMPLICIT_RETAIN_SELF = YES;
				CLANG_WARN_OBJC_LITERAL_CONVERSION = YES;
				CLANG_WARN_OBJC_ROOT_CLASS = YES_ERROR;
				CLANG_WARN_QUOTED_INCLUDE_IN_FRAMEWORK_HEADER = YES;
				CLANG_WARN_RANGE_LOOP_ANALYSIS = YES;
				CLANG_WARN_STRICT_PROTOTYPES = YES;
				CLANG_WARN_SUSPICIOUS_MOVE = YES;
				CLANG_WARN_UNGUARDED_AVAILABILITY = YES_AGGRESSIVE;
				CLANG_WARN_UNREACHABLE_CODE = YES;
				CLANG_WARN__DUPLICATE_METHOD_MATCH = YES;
				COPY_PHASE_STRIP = NO;
				DEBUG_INFORMATION_FORMAT = "dwarf-with-dsym";
				ENABLE_NS_ASSERTIONS = NO;
				ENABLE_STRICT_OBJC_MSGSEND = YES;
				GCC_C_LANGUAGE_STANDARD = gnu11;
				GCC_NO_COMMON_BLOCKS = YES;
				GCC_WARN_64_TO_32_BIT_CONVERSION = YES;
				GCC_WARN_ABOUT_RETURN_TYPE = YES_ERROR;
				GCC_WARN_UNDECLARED_SELECTOR = YES;
				GCC_WARN_UNINITIALIZED_AUTOS = YES_AGGRESSIVE;
				GCC_WARN_UNUSED_FUNCTION = YES;
				GCC_WARN_UNUSED_VARIABLE = YES;
				IPHONEOS_DEPLOYMENT_TARGET = 15.5;
				MTL_ENABLE_DEBUG_INFO = NO;
				MTL_FAST_MATH = YES;
				SDKROOT = iphoneos;
				SWIFT_COMPILATION_MODE = wholemodule;
				SWIFT_OPTIMIZATION_LEVEL = "-O";
				VALIDATE_PRODUCT = YES;
			};
			name = Release;
		};
		4B33FC8E287C7E9100D0EBAA /* Debug */ = {
			isa = XCBuildConfiguration;
			baseConfigurationReference = FD2BD62F325352F277C3124F /* Pods-BundleFileEncryption.debug.xcconfig */;
			buildSettings = {
				ASSETCATALOG_COMPILER_APPICON_NAME = AppIcon;
				ASSETCATALOG_COMPILER_GLOBAL_ACCENT_COLOR_NAME = AccentColor;
				CODE_SIGN_STYLE = Automatic;
				CURRENT_PROJECT_VERSION = 1;
				DEVELOPMENT_ASSET_PATHS = "\"BundleFileEncryption/Preview Content\"";
				DEVELOPMENT_TEAM = N629UD5NGQ;
				ENABLE_PREVIEWS = YES;
				GENERATE_INFOPLIST_FILE = YES;
				INFOPLIST_KEY_UIApplicationSceneManifest_Generation = YES;
				INFOPLIST_KEY_UIApplicationSupportsIndirectInputEvents = YES;
				INFOPLIST_KEY_UILaunchScreen_Generation = YES;
				INFOPLIST_KEY_UISupportedInterfaceOrientations_iPad = "UIInterfaceOrientationPortrait UIInterfaceOrientationPortraitUpsideDown UIInterfaceOrientationLandscapeLeft UIInterfaceOrientationLandscapeRight";
				INFOPLIST_KEY_UISupportedInterfaceOrientations_iPhone = "UIInterfaceOrientationPortrait UIInterfaceOrientationLandscapeLeft UIInterfaceOrientationLandscapeRight";
				LD_RUNPATH_SEARCH_PATHS = (
					"$(inherited)",
					"@executable_path/Frameworks",
				);
				MARKETING_VERSION = 1.0;
				PRODUCT_BUNDLE_IDENTIFIER = com.filipzielinski.BundleFileEncryption;
				PRODUCT_NAME = "$(TARGET_NAME)";
				SWIFT_EMIT_LOC_STRINGS = YES;
				SWIFT_VERSION = 5.0;
				TARGETED_DEVICE_FAMILY = "1,2";
			};
			name = Debug;
		};
		4B33FC8F287C7E9100D0EBAA /* Release */ = {
			isa = XCBuildConfiguration;
			baseConfigurationReference = D76FD07FF7CFF26D6E3608FF /* Pods-BundleFileEncryption.release.xcconfig */;
			buildSettings = {
				ASSETCATALOG_COMPILER_APPICON_NAME = AppIcon;
				ASSETCATALOG_COMPILER_GLOBAL_ACCENT_COLOR_NAME = AccentColor;
				CODE_SIGN_STYLE = Automatic;
				CURRENT_PROJECT_VERSION = 1;
				DEVELOPMENT_ASSET_PATHS = "\"BundleFileEncryption/Preview Content\"";
				DEVELOPMENT_TEAM = N629UD5NGQ;
				ENABLE_PREVIEWS = YES;
				GENERATE_INFOPLIST_FILE = YES;
				INFOPLIST_KEY_UIApplicationSceneManifest_Generation = YES;
				INFOPLIST_KEY_UIApplicationSupportsIndirectInputEvents = YES;
				INFOPLIST_KEY_UILaunchScreen_Generation = YES;
				INFOPLIST_KEY_UISupportedInterfaceOrientations_iPad = "UIInterfaceOrientationPortrait UIInterfaceOrientationPortraitUpsideDown UIInterfaceOrientationLandscapeLeft UIInterfaceOrientationLandscapeRight";
				INFOPLIST_KEY_UISupportedInterfaceOrientations_iPhone = "UIInterfaceOrientationPortrait UIInterfaceOrientationLandscapeLeft UIInterfaceOrientationLandscapeRight";
				LD_RUNPATH_SEARCH_PATHS = (
					"$(inherited)",
					"@executable_path/Frameworks",
				);
				MARKETING_VERSION = 1.0;
				PRODUCT_BUNDLE_IDENTIFIER = com.filipzielinski.BundleFileEncryption;
				PRODUCT_NAME = "$(TARGET_NAME)";
				SWIFT_EMIT_LOC_STRINGS = YES;
				SWIFT_VERSION = 5.0;
				TARGETED_DEVICE_FAMILY = "1,2";
			};
			name = Release;
		};
		4B33FC91287C7E9100D0EBAA /* Debug */ = {
			isa = XCBuildConfiguration;
			buildSettings = {
				ALWAYS_EMBED_SWIFT_STANDARD_LIBRARIES = YES;
				BUNDLE_LOADER = "$(TEST_HOST)";
				CODE_SIGN_STYLE = Automatic;
				CURRENT_PROJECT_VERSION = 1;
				DEVELOPMENT_TEAM = N629UD5NGQ;
				GENERATE_INFOPLIST_FILE = YES;
				IPHONEOS_DEPLOYMENT_TARGET = 15.5;
				MARKETING_VERSION = 1.0;
				PRODUCT_BUNDLE_IDENTIFIER = com.filipzielinski.BundleFileEncryptionTests;
				PRODUCT_NAME = "$(TARGET_NAME)";
				SWIFT_EMIT_LOC_STRINGS = NO;
				SWIFT_VERSION = 5.0;
				TARGETED_DEVICE_FAMILY = "1,2";
				TEST_HOST = "$(BUILT_PRODUCTS_DIR)/BundleFileEncryption.app/BundleFileEncryption";
			};
			name = Debug;
		};
		4B33FC92287C7E9100D0EBAA /* Release */ = {
			isa = XCBuildConfiguration;
			buildSettings = {
				ALWAYS_EMBED_SWIFT_STANDARD_LIBRARIES = YES;
				BUNDLE_LOADER = "$(TEST_HOST)";
				CODE_SIGN_STYLE = Automatic;
				CURRENT_PROJECT_VERSION = 1;
				DEVELOPMENT_TEAM = N629UD5NGQ;
				GENERATE_INFOPLIST_FILE = YES;
				IPHONEOS_DEPLOYMENT_TARGET = 15.5;
				MARKETING_VERSION = 1.0;
				PRODUCT_BUNDLE_IDENTIFIER = com.filipzielinski.BundleFileEncryptionTests;
				PRODUCT_NAME = "$(TARGET_NAME)";
				SWIFT_EMIT_LOC_STRINGS = NO;
				SWIFT_VERSION = 5.0;
				TARGETED_DEVICE_FAMILY = "1,2";
				TEST_HOST = "$(BUILT_PRODUCTS_DIR)/BundleFileEncryption.app/BundleFileEncryption";
			};
			name = Release;
		};
		4B33FC94287C7E9100D0EBAA /* Debug */ = {
			isa = XCBuildConfiguration;
			buildSettings = {
				ALWAYS_EMBED_SWIFT_STANDARD_LIBRARIES = YES;
				CODE_SIGN_STYLE = Automatic;
				CURRENT_PROJECT_VERSION = 1;
				DEVELOPMENT_TEAM = N629UD5NGQ;
				GENERATE_INFOPLIST_FILE = YES;
				MARKETING_VERSION = 1.0;
				PRODUCT_BUNDLE_IDENTIFIER = com.filipzielinski.BundleFileEncryptionUITests;
				PRODUCT_NAME = "$(TARGET_NAME)";
				SWIFT_EMIT_LOC_STRINGS = NO;
				SWIFT_VERSION = 5.0;
				TARGETED_DEVICE_FAMILY = "1,2";
				TEST_TARGET_NAME = BundleFileEncryption;
			};
			name = Debug;
		};
		4B33FC95287C7E9100D0EBAA /* Release */ = {
			isa = XCBuildConfiguration;
			buildSettings = {
				ALWAYS_EMBED_SWIFT_STANDARD_LIBRARIES = YES;
				CODE_SIGN_STYLE = Automatic;
				CURRENT_PROJECT_VERSION = 1;
				DEVELOPMENT_TEAM = N629UD5NGQ;
				GENERATE_INFOPLIST_FILE = YES;
				MARKETING_VERSION = 1.0;
				PRODUCT_BUNDLE_IDENTIFIER = com.filipzielinski.BundleFileEncryptionUITests;
				PRODUCT_NAME = "$(TARGET_NAME)";
				SWIFT_EMIT_LOC_STRINGS = NO;
				SWIFT_VERSION = 5.0;
				TARGETED_DEVICE_FAMILY = "1,2";
				TEST_TARGET_NAME = BundleFileEncryption;
			};
			name = Release;
		};
/* End XCBuildConfiguration section */

/* Begin XCConfigurationList section */
		4B33FC64287C7E8F00D0EBAA /* Build configuration list for PBXProject "BundleFileEncryption" */ = {
			isa = XCConfigurationList;
			buildConfigurations = (
				4B33FC8B287C7E9100D0EBAA /* Debug */,
				4B33FC8C287C7E9100D0EBAA /* Release */,
			);
			defaultConfigurationIsVisible = 0;
			defaultConfigurationName = Release;
		};
		4B33FC8D287C7E9100D0EBAA /* Build configuration list for PBXNativeTarget "BundleFileEncryption" */ = {
			isa = XCConfigurationList;
			buildConfigurations = (
				4B33FC8E287C7E9100D0EBAA /* Debug */,
				4B33FC8F287C7E9100D0EBAA /* Release */,
			);
			defaultConfigurationIsVisible = 0;
			defaultConfigurationName = Release;
		};
		4B33FC90287C7E9100D0EBAA /* Build configuration list for PBXNativeTarget "BundleFileEncryptionTests" */ = {
			isa = XCConfigurationList;
			buildConfigurations = (
				4B33FC91287C7E9100D0EBAA /* Debug */,
				4B33FC92287C7E9100D0EBAA /* Release */,
			);
			defaultConfigurationIsVisible = 0;
			defaultConfigurationName = Release;
		};
		4B33FC93287C7E9100D0EBAA /* Build configuration list for PBXNativeTarget "BundleFileEncryptionUITests" */ = {
			isa = XCConfigurationList;
			buildConfigurations = (
				4B33FC94287C7E9100D0EBAA /* Debug */,
				4B33FC95287C7E9100D0EBAA /* Release */,
			);
			defaultConfigurationIsVisible = 0;
			defaultConfigurationName = Release;
		};
/* End XCConfigurationList section */
	};
	rootObject = 4B33FC61287C7E8F00D0EBAA /* Project object */;
}
